
Microsoft Visual Studio Solution File, Format Version 12.00
# Visual Studio Version 16
VisualStudioVersion = 16.0.30011.22
MinimumVisualStudioVersion = 10.0.40219.1
Project("{FAE04EC0-301F-11D3-BF4B-00C04F79EFBC}") = "hellow", "hellow.csproj", "{F6C22C71-7287-4FA0-8A36-C3B5F6597EB6}"
EndProject
Project("{FAE04EC0-301F-11D3-BF4B-00C04F79EFBC}") = "程序结构", "..\程序结构\程序结构.csproj", "{80926FBD-0712-4E32-ABE6-2963B80FF30C}"
EndProject
Global
	GlobalSection(SolutionConfigurationPlatforms) = preSolution
		Debug|Any CPU = Debug|Any CPU
		Release|Any CPU = Release|Any CPU
	EndGlobalSection
	GlobalSection(ProjectConfigurationPlatforms) = postSolution
		{F6C22C71-7287-4FA0-8A36-C3B5F6597EB6}.Debug|Any CPU.ActiveCfg = Debug|Any CPU
		{F6C22C71-7287-4FA0-8A36-C3B5F6597EB6}.Debug|Any CPU.Build.0 = Debug|Any CPU
		{F6C22C71-7287-4FA0-8A36-C3B5F6597EB6}.Release|Any CPU.ActiveCfg = Release|Any CPU
		{F6C22C71-7287-4FA0-8A36-C3B5F6597EB6}.Release|Any CPU.Build.0 = Release|Any CPU
		{80926FBD-0712-4E32-ABE6-2963B80FF30C}.Debug|Any CPU.ActiveCfg = Debug|Any CPU
		{80926FBD-0712-4E32-ABE6-2963B80FF30C}.Debug|Any CPU.Build.0 = Debug|Any CPU
		{80926FBD-0712-4E32-ABE6-2963B80FF30C}.Release|Any CPU.ActiveCfg = Release|Any CPU
		{80926FBD-0712-4E32-ABE6-2963B80FF30C}.Release|Any CPU.Build.0 = Release|Any CPU
	EndGlobalSection
	GlobalSection(SolutionProperties) = preSolution
		HideSolutionNode = FALSE
	EndGlobalSection
	GlobalSection(ExtensibilityGlobals) = postSolution
		SolutionGuid = {4F0E9C83-ED1B-4E72-92E3-E2A2945C01AD}
	EndGlobalSection
EndGlobal
